
Microsoft Visual Studio Solution File, Format Version 12.00
# Visual Studio Version 17
VisualStudioVersion = 17.11.35219.272
MinimumVisualStudioVersion = 10.0.40219.1
Project("{FAE04EC0-301F-11D3-BF4B-00C04F79EFBC}") = "Command Pattern", "Command Pattern\Command Pattern.csproj", "{7D40FA63-FEB9-4494-8FBC-29188C26CE84}"
EndProject
Global
	GlobalSection(SolutionConfigurationPlatforms) = preSolution
		Debug|Any CPU = Debug|Any CPU
		Release|Any CPU = Release|Any CPU
	EndGlobalSection
	GlobalSection(ProjectConfigurationPlatforms) = postSolution
		{7D40FA63-FEB9-4494-8FBC-29188C26CE84}.Debug|Any CPU.ActiveCfg = Debug|Any CPU
		{7D40FA63-FEB9-4494-8FBC-29188C26CE84}.Debug|Any CPU.Build.0 = Debug|Any CPU
		{7D40FA63-FEB9-4494-8FBC-29188C26CE84}.Release|Any CPU.ActiveCfg = Release|Any CPU
		{7D40FA63-FEB9-4494-8FBC-29188C26CE84}.Release|Any CPU.Build.0 = Release|Any CPU
	EndGlobalSection
	GlobalSection(SolutionProperties) = preSolution
		HideSolutionNode = FALSE
	EndGlobalSection
	GlobalSection(ExtensibilityGlobals) = postSolution
		SolutionGuid = {3B663B3E-D5EE-46A4-B1E6-3D26F35896DB}
	EndGlobalSection
EndGlobal
